// !$*UTF8*$!
{
	archiveVersion = 1;
	classes = {
	};
	objectVersion = 77;
	objects = {

/* Begin PBXContainerItemProxy section */
		BAEAFF7E2CC81759001E9569 /* PBXContainerItemProxy */ = {
			isa = PBXContainerItemProxy;
			containerPortal = BAEAFF5F2CC81758001E9569 /* Project object */;
			proxyType = 1;
			remoteGlobalIDString = BAEAFF662CC81758001E9569;
			remoteInfo = Lab6;
		};
		BAEAFF882CC81759001E9569 /* PBXContainerItemProxy */ = {
			isa = PBXContainerItemProxy;
			containerPortal = BAEAFF5F2CC81758001E9569 /* Project object */;
			proxyType = 1;
			remoteGlobalIDString = BAEAFF662CC81758001E9569;
			remoteInfo = Lab6;
		};
/* End PBXContainerItemProxy section */

/* Begin PBXFileReference section */
		BAEAFF672CC81758001E9569 /* Lab6.app */ = {isa = PBXFileReference; explicitFileType = wrapper.application; includeInIndex = 0; path = Lab6.app; sourceTree = BUILT_PRODUCTS_DIR; };
		BAEAFF7D2CC81759001E9569 /* Lab6Tests.xctest */ = {isa = PBXFileReference; explicitFileType = wrapper.cfbundle; includeInIndex = 0; path = Lab6Tests.xctest; sourceTree = BUILT_PRODUCTS_DIR; };
		BAEAFF872CC81759001E9569 /* Lab6UITests.xctest */ = {isa = PBXFileReference; explicitFileType = wrapper.cfbundle; includeInIndex = 0; path = Lab6UITests.xctest; sourceTree = BUILT_PRODUCTS_DIR; };
/* End PBXFileReference section */

/* Begin PBXFileSystemSynchronizedBuildFileExceptionSet section */
		BAEAFF8F2CC81759001E9569 /* Exceptions for "Lab6" folder in "Lab6" target */ = {
			isa = PBXFileSystemSynchronizedBuildFileExceptionSet;
			membershipExceptions = (
				Info.plist,
			);
			target = BAEAFF662CC81758001E9569 /* Lab6 */;
		};
/* End PBXFileSystemSynchronizedBuildFileExceptionSet section */

/* Begin PBXFileSystemSynchronizedRootGroup section */
		BAEAFF692CC81758001E9569 /* Lab6 */ = {
			isa = PBXFileSystemSynchronizedRootGroup;
			exceptions = (
				BAEAFF8F2CC81759001E9569 /* Exceptions for "Lab6" folder in "Lab6" target */,
			);
			path = Lab6;
			sourceTree = "<group>";
		};
		BAEAFF802CC81759001E9569 /* Lab6Tests */ = {
			isa = PBXFileSystemSynchronizedRootGroup;
			path = Lab6Tests;
			sourceTree = "<group>";
		};
		BAEAFF8A2CC81759001E9569 /* Lab6UITests */ = {
			isa = PBXFileSystemSynchronizedRootGroup;
			path = Lab6UITests;
			sourceTree = "<group>";
		};
/* End PBXFileSystemSynchronizedRootGroup section */

/* Begin PBXFrameworksBuildPhase section */
		BAEAFF642CC81758001E9569 /* Frameworks */ = {
			isa = PBXFrameworksBuildPhase;
			buildActionMask = 2147483647;
			files = (
			);
			runOnlyForDeploymentPostprocessing = 0;
		};
		BAEAFF7A2CC81759001E9569 /* Frameworks */ = {
			isa = PBXFrameworksBuildPhase;
			buildActionMask = 2147483647;
			files = (
			);
			runOnlyForDeploymentPostprocessing = 0;
		};
		BAEAFF842CC81759001E9569 /* Frameworks */ = {
			isa = PBXFrameworksBuildPhase;
			buildActionMask = 2147483647;
			files = (
			);
			runOnlyForDeploymentPostprocessing = 0;
		};
/* End PBXFrameworksBuildPhase section */

/* Begin PBXGroup section */
		BAEAFF5E2CC81758001E9569 = {
			isa = PBXGroup;
			children = (
				BAEAFF692CC81758001E9569 /* Lab6 */,
				BAEAFF802CC81759001E9569 /* Lab6Tests */,
				BAEAFF8A2CC81759001E9569 /* Lab6UITests */,
				BAEAFF682CC81758001E9569 /* Products */,
			);
			sourceTree = "<group>";
		};
		BAEAFF682CC81758001E9569 /* Products */ = {
			isa = PBXGroup;
			children = (
				BAEAFF672CC81758001E9569 /* Lab6.app */,
				BAEAFF7D2CC81759001E9569 /* Lab6Tests.xctest */,
				BAEAFF872CC81759001E9569 /* Lab6UITests.xctest */,
			);
			name = Products;
			sourceTree = "<group>";
		};
/* End PBXGroup section */

/* Begin PBXNativeTarget section */
		BAEAFF662CC81758001E9569 /* Lab6 */ = {
			isa = PBXNativeTarget;
			buildConfigurationList = BAEAFF902CC81759001E9569 /* Build configuration list for PBXNativeTarget "Lab6" */;
			buildPhases = (
				BAEAFF632CC81758001E9569 /* Sources */,
				BAEAFF642CC81758001E9569 /* Frameworks */,
				BAEAFF652CC81758001E9569 /* Resources */,
			);
			buildRules = (
			);
			dependencies = (
			);
			fileSystemSynchronizedGroups = (
				BAEAFF692CC81758001E9569 /* Lab6 */,
			);
			name = Lab6;
			packageProductDependencies = (
			);
			productName = Lab6;
			productReference = BAEAFF672CC81758001E9569 /* Lab6.app */;
			productType = "com.apple.product-type.application";
		};
		BAEAFF7C2CC81759001E9569 /* Lab6Tests */ = {
			isa = PBXNativeTarget;
			buildConfigurationList = BAEAFF952CC81759001E9569 /* Build configuration list for PBXNativeTarget "Lab6Tests" */;
			buildPhases = (
				BAEAFF792CC81759001E9569 /* Sources */,
				BAEAFF7A2CC81759001E9569 /* Frameworks */,
				BAEAFF7B2CC81759001E9569 /* Resources */,
			);
			buildRules = (
			);
			dependencies = (
				BAEAFF7F2CC81759001E9569 /* PBXTargetDependency */,
			);
			fileSystemSynchronizedGroups = (
				BAEAFF802CC81759001E9569 /* Lab6Tests */,
			);
			name = Lab6Tests;
			packageProductDependencies = (
			);
			productName = Lab6Tests;
			productReference = BAEAFF7D2CC81759001E9569 /* Lab6Tests.xctest */;
			productType = "com.apple.product-type.bundle.unit-test";
		};
		BAEAFF862CC81759001E9569 /* Lab6UITests */ = {
			isa = PBXNativeTarget;
			buildConfigurationList = BAEAFF982CC81759001E9569 /* Build configuration list for PBXNativeTarget "Lab6UITests" */;
			buildPhases = (
				BAEAFF832CC81759001E9569 /* Sources */,
				BAEAFF842CC81759001E9569 /* Frameworks */,
				BAEAFF852CC81759001E9569 /* Resources */,
			);
			buildRules = (
			);
			dependencies = (
				BAEAFF892CC81759001E9569 /* PBXTargetDependency */,
			);
			fileSystemSynchronizedGroups = (
				BAEAFF8A2CC81759001E9569 /* Lab6UITests */,
			);
			name = Lab6UITests;
			packageProductDependencies = (
			);
			productName = Lab6UITests;
			productReference = BAEAFF872CC81759001E9569 /* Lab6UITests.xctest */;
			productType = "com.apple.product-type.bundle.ui-testing";
		};
/* End PBXNativeTarget section */

/* Begin PBXProject section */
		BAEAFF5F2CC81758001E9569 /* Project object */ = {
			isa = PBXProject;
			attributes = {
				BuildIndependentTargetsInParallel = 1;
				LastSwiftUpdateCheck = 1600;
				LastUpgradeCheck = 1600;
				TargetAttributes = {
					BAEAFF662CC81758001E9569 = {
						CreatedOnToolsVersion = 16.0;
					};
					BAEAFF7C2CC81759001E9569 = {
						CreatedOnToolsVersion = 16.0;
						TestTargetID = BAEAFF662CC81758001E9569;
					};
					BAEAFF862CC81759001E9569 = {
						CreatedOnToolsVersion = 16.0;
						TestTargetID = BAEAFF662CC81758001E9569;
					};
				};
			};
			buildConfigurationList = BAEAFF622CC81758001E9569 /* Build configuration list for PBXProject "Lab6" */;
			developmentRegion = en;
			hasScannedForEncodings = 0;
			knownRegions = (
				en,
				Base,
			);
			mainGroup = BAEAFF5E2CC81758001E9569;
			minimizedProjectReferenceProxies = 1;
			preferredProjectObjectVersion = 77;
			productRefGroup = BAEAFF682CC81758001E9569 /* Products */;
			projectDirPath = "";
			projectRoot = "";
			targets = (
				BAEAFF662CC81758001E9569 /* Lab6 */,
				BAEAFF7C2CC81759001E9569 /* Lab6Tests */,
				BAEAFF862CC81759001E9569 /* Lab6UITests */,
			);
		};
/* End PBXProject section */

/* Begin PBXResourcesBuildPhase section */
		BAEAFF652CC81758001E9569 /* Resources */ = {
			isa = PBXResourcesBuildPhase;
			buildActionMask = 2147483647;
			files = (
			);
			runOnlyForDeploymentPostprocessing = 0;
		};
		BAEAFF7B2CC81759001E9569 /* Resources */ = {
			isa = PBXResourcesBuildPhase;
			buildActionMask = 2147483647;
			files = (
			);
			runOnlyForDeploymentPostprocessing = 0;
		};
		BAEAFF852CC81759001E9569 /* Resources */ = {
			isa = PBXResourcesBuildPhase;
			buildActionMask = 2147483647;
			files = (
			);
			runOnlyForDeploymentPostprocessing = 0;
		};
/* End PBXResourcesBuildPhase section */

/* Begin PBXSourcesBuildPhase section */
		BAEAFF632CC81758001E9569 /* Sources */ = {
			isa = PBXSourcesBuildPhase;
			buildActionMask = 2147483647;
			files = (
			);
			runOnlyForDeploymentPostprocessing = 0;
		};
		BAEAFF792CC81759001E9569 /* Sources */ = {
			isa = PBXSourcesBuildPhase;
			buildActionMask = 2147483647;
			files = (
			);
			runOnlyForDeploymentPostprocessing = 0;
		};
		BAEAFF832CC81759001E9569 /* Sources */ = {
			isa = PBXSourcesBuildPhase;
			buildActionMask = 2147483647;
			files = (
			);
			runOnlyForDeploymentPostprocessing = 0;
		};
/* End PBXSourcesBuildPhase section */

/* Begin PBXTargetDependency section */
		BAEAFF7F2CC81759001E9569 /* PBXTargetDependency */ = {
			isa = PBXTargetDependency;
			target = BAEAFF662CC81758001E9569 /* Lab6 */;
			targetProxy = BAEAFF7E2CC81759001E9569 /* PBXContainerItemProxy */;
		};
		BAEAFF892CC81759001E9569 /* PBXTargetDependency */ = {
			isa = PBXTargetDependency;
			target = BAEAFF662CC81758001E9569 /* Lab6 */;
			targetProxy = BAEAFF882CC81759001E9569 /* PBXContainerItemProxy */;
		};
/* End PBXTargetDependency section */

/* Begin XCBuildConfiguration section */
		BAEAFF912CC81759001E9569 /* Debug */ = {
			isa = XCBuildConfiguration;
			buildSettings = {
				ASSETCATALOG_COMPILER_APPICON_NAME = AppIcon;
				ASSETCATALOG_COMPILER_GLOBAL_ACCENT_COLOR_NAME = AccentColor;
				CODE_SIGN_STYLE = Automatic;
				CURRENT_PROJECT_VERSION = 1;
				GENERATE_INFOPLIST_FILE = YES;
				INFOPLIST_FILE = Lab6/Info.plist;
				INFOPLIST_KEY_UIApplicationSupportsIndirectInputEvents = YES;
				INFOPLIST_KEY_UILaunchStoryboardName = LaunchScreen;
				INFOPLIST_KEY_UIMainStoryboardFile = Main;
				INFOPLIST_KEY_UISupportedInterfaceOrientations_iPad = "UIInterfaceOrientationPortrait UIInterfaceOrientationPortraitUpsideDown UIInterfaceOrientationLandscapeLeft UIInterfaceOrientationLandscapeRight";
				INFOPLIST_KEY_UISupportedInterfaceOrientations_iPhone = "UIInterfaceOrientationPortrait UIInterfaceOrientationLandscapeLeft UIInterfaceOrientationLandscapeRight";
				LD_RUNPATH_SEARCH_PATHS = (
					"$(inherited)",
					"@executable_path/Frameworks",
				);
				MARKETING_VERSION = 1.0;
				PRODUCT_BUNDLE_IDENTIFIER = com.RavenDesign.testApp.Lab6;
				PRODUCT_NAME = "$(TARGET_NAME)";
				SWIFT_EMIT_LOC_STRINGS = YES;
				SWIFT_VERSION = 5.0;
				TARGETED_DEVICE_FAMILY = "1,2";
			};
			name = Debug;
		};
		BAEAFF922CC81759001E9569 /* Release */ = {
			isa = XCBuildConfiguration;
			buildSettings = {
				ASSETCATALOG_COMPILER_APPICON_NAME = AppIcon;
				ASSETCATALOG_COMPILER_GLOBAL_ACCENT_COLOR_NAME = AccentColor;
				CODE_SIGN_STYLE = Automatic;
				CURRENT_PROJECT_VERSION = 1;
				GENERATE_INFOPLIST_FILE = YES;
				INFOPLIST_FILE = Lab6/Info.plist;
				INFOPLIST_KEY_UIApplicationSupportsIndirectInputEvents = YES;
				INFOPLIST_KEY_UILaunchStoryboardName = LaunchScreen;
				INFOPLIST_KEY_UIMainStoryboardFile = Main;
				INFOPLIST_KEY_UISupportedInterfaceOrientations_iPad = "UIInterfaceOrientationPortrait UIInterfaceOrientationPortraitUpsideDown UIInterfaceOrientationLandscapeLeft UIInterfaceOrientationLandscapeRight";
				INFOPLIST_KEY_UISupportedInterfaceOrientations_iPhone = "UIInterfaceOrientationPortrait UIInterfaceOrientationLandscapeLeft UIInterfaceOrientationLandscapeRight";
				LD_RUNPATH_SEARCH_PATHS = (
					"$(inherited)",
					"@executable_path/Frameworks",
				);
				MARKETING_VERSION = 1.0;
				PRODUCT_BUNDLE_IDENTIFIER = com.RavenDesign.testApp.Lab6;
				PRODUCT_NAME = "$(TARGET_NAME)";
				SWIFT_EMIT_LOC_STRINGS = YES;
				SWIFT_VERSION = 5.0;
				TARGETED_DEVICE_FAMILY = "1,2";
			};
			name = Release;
		};
		BAEAFF932CC81759001E9569 /* Debug */ = {
			isa = XCBuildConfiguration;
			buildSettings = {
				ALWAYS_SEARCH_USER_PATHS = NO;
				ASSETCATALOG_COMPILER_GENERATE_SWIFT_ASSET_SYMBOL_EXTENSIONS = YES;
				CLANG_ANALYZER_NONNULL = YES;
				CLANG_ANALYZER_NUMBER_OBJECT_CONVERSION = YES_AGGRESSIVE;
				CLANG_CXX_LANGUAGE_STANDARD = "gnu++20";
				CLANG_ENABLE_MODULES = YES;
				CLANG_ENABLE_OBJC_ARC = YES;
				CLANG_ENABLE_OBJC_WEAK = YES;
				CLANG_WARN_BLOCK_CAPTURE_AUTORELEASING = YES;
				CLANG_WARN_BOOL_CONVERSION = YES;
				CLANG_WARN_COMMA = YES;
				CLANG_WARN_CONSTANT_CONVERSION = YES;
				CLANG_WARN_DEPRECATED_OBJC_IMPLEMENTATIONS = YES;
				CLANG_WARN_DIRECT_OBJC_ISA_USAGE = YES_ERROR;
				CLANG_WARN_DOCUMENTATION_COMMENTS = YES;
				CLANG_WARN_EMPTY_BODY = YES;
				CLANG_WARN_ENUM_CONVERSION = YES;
				CLANG_WARN_INFINITE_RECURSION = YES;
				CLANG_WARN_INT_CONVERSION = YES;
				CLANG_WARN_NON_LITERAL_NULL_CONVERSION = YES;
				CLANG_WARN_OBJC_IMPLICIT_RETAIN_SELF = YES;
				CLANG_WARN_OBJC_LITERAL_CONVERSION = YES;
				CLANG_WARN_OBJC_ROOT_CLASS = YES_ERROR;
				CLANG_WARN_QUOTED_INCLUDE_IN_FRAMEWORK_HEADER = YES;
				CLANG_WARN_RANGE_LOOP_ANALYSIS = YES;
				CLANG_WARN_STRICT_PROTOTYPES = YES;
				CLANG_WARN_SUSPICIOUS_MOVE = YES;
				CLANG_WARN_UNGUARDED_AVAILABILITY = YES_AGGRESSIVE;
				CLANG_WARN_UNREACHABLE_CODE = YES;
				CLANG_WARN__DUPLICATE_METHOD_MATCH = YES;
				COPY_PHASE_STRIP = NO;
				DEBUG_INFORMATION_FORMAT = dwarf;
				ENABLE_STRICT_OBJC_MSGSEND = YES;
				ENABLE_TESTABILITY = YES;
				ENABLE_USER_SCRIPT_SANDBOXING = YES;
				GCC_C_LANGUAGE_STANDARD = gnu17;
				GCC_DYNAMIC_NO_PIC = NO;
				GCC_NO_COMMON_BLOCKS = YES;
				GCC_OPTIMIZATION_LEVEL = 0;
				GCC_PREPROCESSOR_DEFINITIONS = (
					"DEBUG=1",
					"$(inherited)",
				);
				GCC_WARN_64_TO_32_BIT_CONVERSION = YES;
				GCC_WARN_ABOUT_RETURN_TYPE = YES_ERROR;
				GCC_WARN_UNDECLARED_SELECTOR = YES;
				GCC_WARN_UNINITIALIZED_AUTOS = YES_AGGRESSIVE;
				GCC_WARN_UNUSED_FUNCTION = YES;
				GCC_WARN_UNUSED_VARIABLE = YES;
				IPHONEOS_DEPLOYMENT_TARGET = 18.0;
				LOCALIZATION_PREFERS_STRING_CATALOGS = YES;
				MTL_ENABLE_DEBUG_INFO = INCLUDE_SOURCE;
				MTL_FAST_MATH = YES;
				ONLY_ACTIVE_ARCH = YES;
				SDKROOT = iphoneos;
				SWIFT_ACTIVE_COMPILATION_CONDITIONS = "DEBUG $(inherited)";
				SWIFT_OPTIMIZATION_LEVEL = "-Onone";
			};
			name = Debug;
		};
		BAEAFF942CC81759001E9569 /* Release */ = {
			isa = XCBuildConfiguration;
			buildSettings = {
				ALWAYS_SEARCH_USER_PATHS = NO;
				ASSETCATALOG_COMPILER_GENERATE_SWIFT_ASSET_SYMBOL_EXTENSIONS = YES;
				CLANG_ANALYZER_NONNULL = YES;
				CLANG_ANALYZER_NUMBER_OBJECT_CONVERSION = YES_AGGRESSIVE;
				CLANG_CXX_LANGUAGE_STANDARD = "gnu++20";
				CLANG_ENABLE_MODULES = YES;
				CLANG_ENABLE_OBJC_ARC = YES;
				CLANG_ENABLE_OBJC_WEAK = YES;
				CLANG_WARN_BLOCK_CAPTURE_AUTORELEASING = YES;
				CLANG_WARN_BOOL_CONVERSION = YES;
				CLANG_WARN_COMMA = YES;
				CLANG_WARN_CONSTANT_CONVERSION = YES;
				CLANG_WARN_DEPRECATED_OBJC_IMPLEMENTATIONS = YES;
				CLANG_WARN_DIRECT_OBJC_ISA_USAGE = YES_ERROR;
				CLANG_WARN_DOCUMENTATION_COMMENTS = YES;
				CLANG_WARN_EMPTY_BODY = YES;
				CLANG_WARN_ENUM_CONVERSION = YES;
				CLANG_WARN_INFINITE_RECURSION = YES;
				CLANG_WARN_INT_CONVERSION = YES;
				CLANG_WARN_NON_LITERAL_NULL_CONVERSION = YES;
				CLANG_WARN_OBJC_IMPLICIT_RETAIN_SELF = YES;
				CLANG_WARN_OBJC_LITERAL_CONVERSION = YES;
				CLANG_WARN_OBJC_ROOT_CLASS = YES_ERROR;
				CLANG_WARN_QUOTED_INCLUDE_IN_FRAMEWORK_HEADER = YES;
				CLANG_WARN_RANGE_LOOP_ANALYSIS = YES;
				CLANG_WARN_STRICT_PROTOTYPES = YES;
				CLANG_WARN_SUSPICIOUS_MOVE = YES;
				CLANG_WARN_UNGUARDED_AVAILABILITY = YES_AGGRESSIVE;
				CLANG_WARN_UNREACHABLE_CODE = YES;
				CLANG_WARN__DUPLICATE_METHOD_MATCH = YES;
				COPY_PHASE_STRIP = NO;
				DEBUG_INFORMATION_FORMAT = "dwarf-with-dsym";
				ENABLE_NS_ASSERTIONS = NO;
				ENABLE_STRICT_OBJC_MSGSEND = YES;
				ENABLE_USER_SCRIPT_SANDBOXING = YES;
				GCC_C_LANGUAGE_STANDARD = gnu17;
				GCC_NO_COMMON_BLOCKS = YES;
				GCC_WARN_64_TO_32_BIT_CONVERSION = YES;
				GCC_WARN_ABOUT_RETURN_TYPE = YES_ERROR;
				GCC_WARN_UNDECLARED_SELECTOR = YES;
				GCC_WARN_UNINITIALIZED_AUTOS = YES_AGGRESSIVE;
				GCC_WARN_UNUSED_FUNCTION = YES;
				GCC_WARN_UNUSED_VARIABLE = YES;
				IPHONEOS_DEPLOYMENT_TARGET = 18.0;
				LOCALIZATION_PREFERS_STRING_CATALOGS = YES;
				MTL_ENABLE_DEBUG_INFO = NO;
				MTL_FAST_MATH = YES;
				SDKROOT = iphoneos;
				SWIFT_COMPILATION_MODE = wholemodule;
				VALIDATE_PRODUCT = YES;
			};
			name = Release;
		};
		BAEAFF962CC81759001E9569 /* Debug */ = {
			isa = XCBuildConfiguration;
			buildSettings = {
				BUNDLE_LOADER = "$(TEST_HOST)";
				CODE_SIGN_STYLE = Automatic;
				CURRENT_PROJECT_VERSION = 1;
				GENERATE_INFOPLIST_FILE = YES;
				IPHONEOS_DEPLOYMENT_TARGET = 18.0;
				MARKETING_VERSION = 1.0;
				PRODUCT_BUNDLE_IDENTIFIER = com.RavenDesign.testApp.Lab6Tests;
				PRODUCT_NAME = "$(TARGET_NAME)";
				SWIFT_EMIT_LOC_STRINGS = NO;
				SWIFT_VERSION = 5.0;
				TARGETED_DEVICE_FAMILY = "1,2";
				TEST_HOST = "$(BUILT_PRODUCTS_DIR)/Lab6.app/$(BUNDLE_EXECUTABLE_FOLDER_PATH)/Lab6";
			};
			name = Debug;
		};
		BAEAFF972CC81759001E9569 /* Release */ = {
			isa = XCBuildConfiguration;
			buildSettings = {
				BUNDLE_LOADER = "$(TEST_HOST)";
				CODE_SIGN_STYLE = Automatic;
				CURRENT_PROJECT_VERSION = 1;
				GENERATE_INFOPLIST_FILE = YES;
				IPHONEOS_DEPLOYMENT_TARGET = 18.0;
				MARKETING_VERSION = 1.0;
				PRODUCT_BUNDLE_IDENTIFIER = com.RavenDesign.testApp.Lab6Tests;
				PRODUCT_NAME = "$(TARGET_NAME)";
				SWIFT_EMIT_LOC_STRINGS = NO;
				SWIFT_VERSION = 5.0;
				TARGETED_DEVICE_FAMILY = "1,2";
				TEST_HOST = "$(BUILT_PRODUCTS_DIR)/Lab6.app/$(BUNDLE_EXECUTABLE_FOLDER_PATH)/Lab6";
			};
			name = Release;
		};
		BAEAFF992CC81759001E9569 /* Debug */ = {
			isa = XCBuildConfiguration;
			buildSettings = {
				CODE_SIGN_STYLE = Automatic;
				CURRENT_PROJECT_VERSION = 1;
				GENERATE_INFOPLIST_FILE = YES;
				MARKETING_VERSION = 1.0;
				PRODUCT_BUNDLE_IDENTIFIER = com.RavenDesign.testApp.Lab6UITests;
				PRODUCT_NAME = "$(TARGET_NAME)";
				SWIFT_EMIT_LOC_STRINGS = NO;
				SWIFT_VERSION = 5.0;
				TARGETED_DEVICE_FAMILY = "1,2";
				TEST_TARGET_NAME = Lab6;
			};
			name = Debug;
		};
		BAEAFF9A2CC81759001E9569 /* Release */ = {
			isa = XCBuildConfiguration;
			buildSettings = {
				CODE_SIGN_STYLE = Automatic;
				CURRENT_PROJECT_VERSION = 1;
				GENERATE_INFOPLIST_FILE = YES;
				MARKETING_VERSION = 1.0;
				PRODUCT_BUNDLE_IDENTIFIER = com.RavenDesign.testApp.Lab6UITests;
				PRODUCT_NAME = "$(TARGET_NAME)";
				SWIFT_EMIT_LOC_STRINGS = NO;
				SWIFT_VERSION = 5.0;
				TARGETED_DEVICE_FAMILY = "1,2";
				TEST_TARGET_NAME = Lab6;
			};
			name = Release;
		};
/* End XCBuildConfiguration section */

/* Begin XCConfigurationList section */
		BAEAFF622CC81758001E9569 /* Build configuration list for PBXProject "Lab6" */ = {
			isa = XCConfigurationList;
			buildConfigurations = (
				BAEAFF932CC81759001E9569 /* Debug */,
				BAEAFF942CC81759001E9569 /* Release */,
			);
			defaultConfigurationIsVisible = 0;
			defaultConfigurationName = Release;
		};
		BAEAFF902CC81759001E9569 /* Build configuration list for PBXNativeTarget "Lab6" */ = {
			isa = XCConfigurationList;
			buildConfigurations = (
				BAEAFF912CC81759001E9569 /* Debug */,
				BAEAFF922CC81759001E9569 /* Release */,
			);
			defaultConfigurationIsVisible = 0;
			defaultConfigurationName = Release;
		};
		BAEAFF952CC81759001E9569 /* Build configuration list for PBXNativeTarget "Lab6Tests" */ = {
			isa = XCConfigurationList;
			buildConfigurations = (
				BAEAFF962CC81759001E9569 /* Debug */,
				BAEAFF972CC81759001E9569 /* Release */,
			);
			defaultConfigurationIsVisible = 0;
			defaultConfigurationName = Release;
		};
		BAEAFF982CC81759001E9569 /* Build configuration list for PBXNativeTarget "Lab6UITests" */ = {
			isa = XCConfigurationList;
			buildConfigurations = (
				BAEAFF992CC81759001E9569 /* Debug */,
				BAEAFF9A2CC81759001E9569 /* Release */,
			);
			defaultConfigurationIsVisible = 0;
			defaultConfigurationName = Release;
		};
/* End XCConfigurationList section */
	};
	rootObject = BAEAFF5F2CC81758001E9569 /* Project object */;
}
